
Microsoft Visual Studio Solution File, Format Version 12.00
# Visual Studio 2012
Project("{FAE04EC0-301F-11D3-BF4B-00C04F79EFBC}") = "HippoValidator.GooglePageSpeedClient.Tests", "HippoValidator.GooglePageSpeedClient.Tests\HippoValidator.GooglePageSpeedClient.Tests.csproj", "{D20D6331-C228-4BFF-9BF9-7E3BF2D45202}"
EndProject
Project("{FAE04EC0-301F-11D3-BF4B-00C04F79EFBC}") = "HippoValidator.GooglePageSpeedClient.Console", "HippoValidator.GooglePageSpeedClient.Console\HippoValidator.GooglePageSpeedClient.Console.csproj", "{17BB0D8D-F9A6-4914-9231-55000BD342E3}"
EndProject
Project("{FAE04EC0-301F-11D3-BF4B-00C04F79EFBC}") = "HippoValidator.GooglePageSpeedClient", "HippoValidator.GooglePageSpeedClient\HippoValidator.GooglePageSpeedClient.csproj", "{660816BC-B9BA-4223-8962-B9DBCFFCE9DD}"
EndProject
Project("{2150E333-8FDC-42A3-9474-1A3956D46DE8}") = ".nuget", ".nuget", "{83CB2CE8-AF5D-4073-92B6-7A2F95B6340A}"
	ProjectSection(SolutionItems) = preProject
		.nuget\NuGet.Config = .nuget\NuGet.Config
		.nuget\NuGet.exe = .nuget\NuGet.exe
		.nuget\NuGet.targets = .nuget\NuGet.targets
	EndProjectSection
EndProject
Global
	GlobalSection(SolutionConfigurationPlatforms) = preSolution
		Debug|Any CPU = Debug|Any CPU
		Release|Any CPU = Release|Any CPU
	EndGlobalSection
	GlobalSection(ProjectConfigurationPlatforms) = postSolution
		{D20D6331-C228-4BFF-9BF9-7E3BF2D45202}.Debug|Any CPU.ActiveCfg = Debug|Any CPU
		{D20D6331-C228-4BFF-9BF9-7E3BF2D45202}.Debug|Any CPU.Build.0 = Debug|Any CPU
		{D20D6331-C228-4BFF-9BF9-7E3BF2D45202}.Release|Any CPU.ActiveCfg = Release|Any CPU
		{D20D6331-C228-4BFF-9BF9-7E3BF2D45202}.Release|Any CPU.Build.0 = Release|Any CPU
		{17BB0D8D-F9A6-4914-9231-55000BD342E3}.Debug|Any CPU.ActiveCfg = Debug|Any CPU
		{17BB0D8D-F9A6-4914-9231-55000BD342E3}.Debug|Any CPU.Build.0 = Debug|Any CPU
		{17BB0D8D-F9A6-4914-9231-55000BD342E3}.Release|Any CPU.ActiveCfg = Release|Any CPU
		{17BB0D8D-F9A6-4914-9231-55000BD342E3}.Release|Any CPU.Build.0 = Release|Any CPU
		{660816BC-B9BA-4223-8962-B9DBCFFCE9DD}.Debug|Any CPU.ActiveCfg = Debug|Any CPU
		{660816BC-B9BA-4223-8962-B9DBCFFCE9DD}.Debug|Any CPU.Build.0 = Debug|Any CPU
		{660816BC-B9BA-4223-8962-B9DBCFFCE9DD}.Release|Any CPU.ActiveCfg = Release|Any CPU
		{660816BC-B9BA-4223-8962-B9DBCFFCE9DD}.Release|Any CPU.Build.0 = Release|Any CPU
	EndGlobalSection
	GlobalSection(SolutionProperties) = preSolution
		HideSolutionNode = FALSE
	EndGlobalSection
EndGlobal
